{
  "meteor": {},
  "dependencies": {
    "basePackages": {
      "collection-hooks": {},
      "jquery-ui": {},
      "foundation": {}
    },
    "packages": {
      "collection-hooks": {
        "git": "https://github.com/matb33/meteor-collection-hooks.git",
        "tag": "v0.7.2",
        "commit": "261f61f07b371ae913463fba8964a9b93cab531b"
      },
      "jquery-ui": {
        "git": "https://github.com/TimHeckel/meteor-jquery-ui.git",
        "tag": "v1.9.2",
        "commit": "c437d45edcf1367df8d5ffa8bad2867758030bd2"
      },
      "foundation": {
        "git": "https://github.com/ewall/meteor-foundation.git",
        "tag": "v5.3.3",
        "commit": "0a879addbc52205631baf8c92340006a9b732ad3"
      }
    }
  }
}
